
Microsoft Visual Studio Solution File, Format Version 12.00
# Visual Studio Version 17
VisualStudioVersion = 17.5.002.0
MinimumVisualStudioVersion = 10.0.40219.1
Project("{9A19103F-16F7-4668-BE54-9A1E7A4F7556}") = "secomp.2024-worker", "secomp.2024-worker.csproj", "{40EA8E7E-6757-476B-A6B4-1D404BFE7155}"
EndProject
Global
	GlobalSection(SolutionConfigurationPlatforms) = preSolution
		Debug|Any CPU = Debug|Any CPU
		Release|Any CPU = Release|Any CPU
	EndGlobalSection
	GlobalSection(ProjectConfigurationPlatforms) = postSolution
		{40EA8E7E-6757-476B-A6B4-1D404BFE7155}.Debug|Any CPU.ActiveCfg = Debug|Any CPU
		{40EA8E7E-6757-476B-A6B4-1D404BFE7155}.Debug|Any CPU.Build.0 = Debug|Any CPU
		{40EA8E7E-6757-476B-A6B4-1D404BFE7155}.Release|Any CPU.ActiveCfg = Release|Any CPU
		{40EA8E7E-6757-476B-A6B4-1D404BFE7155}.Release|Any CPU.Build.0 = Release|Any CPU
	EndGlobalSection
	GlobalSection(SolutionProperties) = preSolution
		HideSolutionNode = FALSE
	EndGlobalSection
	GlobalSection(ExtensibilityGlobals) = postSolution
		SolutionGuid = {D6A29861-740F-46F0-81CD-D157B1C2D10F}
	EndGlobalSection
EndGlobal
